
Microsoft Visual Studio Solution File, Format Version 12.00
# Visual Studio Version 17
VisualStudioVersion = 17.8.34309.116
MinimumVisualStudioVersion = 10.0.40219.1
Project("{9A19103F-16F7-4668-BE54-9A1E7A4F7556}") = "BlazorWASMOnSWA", "BlazorWASMOnSWA\BlazorWASMOnSWA.csproj", "{59740CDE-D4EC-4102-AD83-5568E9782BEB}"
EndProject
Project("{9A19103F-16F7-4668-BE54-9A1E7A4F7556}") = "API", "API\API.csproj", "{DDDCD120-31D6-4B1E-AC5A-B2A026E319CE}"
EndProject
Global
	GlobalSection(SolutionConfigurationPlatforms) = preSolution
		Debug|Any CPU = Debug|Any CPU
		Release|Any CPU = Release|Any CPU
	EndGlobalSection
	GlobalSection(ProjectConfigurationPlatforms) = postSolution
		{59740CDE-D4EC-4102-AD83-5568E9782BEB}.Debug|Any CPU.ActiveCfg = Debug|Any CPU
		{59740CDE-D4EC-4102-AD83-5568E9782BEB}.Debug|Any CPU.Build.0 = Debug|Any CPU
		{59740CDE-D4EC-4102-AD83-5568E9782BEB}.Release|Any CPU.ActiveCfg = Release|Any CPU
		{59740CDE-D4EC-4102-AD83-5568E9782BEB}.Release|Any CPU.Build.0 = Release|Any CPU
		{DDDCD120-31D6-4B1E-AC5A-B2A026E319CE}.Debug|Any CPU.ActiveCfg = Debug|Any CPU
		{DDDCD120-31D6-4B1E-AC5A-B2A026E319CE}.Debug|Any CPU.Build.0 = Debug|Any CPU
		{DDDCD120-31D6-4B1E-AC5A-B2A026E319CE}.Release|Any CPU.ActiveCfg = Release|Any CPU
		{DDDCD120-31D6-4B1E-AC5A-B2A026E319CE}.Release|Any CPU.Build.0 = Release|Any CPU
	EndGlobalSection
	GlobalSection(SolutionProperties) = preSolution
		HideSolutionNode = FALSE
	EndGlobalSection
	GlobalSection(ExtensibilityGlobals) = postSolution
		SolutionGuid = {A3A924C1-B11F-4D22-9746-C09BB129DA36}
	EndGlobalSection
EndGlobal
